
Microsoft Visual Studio Solution File, Format Version 12.00
# Visual Studio Version 16
VisualStudioVersion = 16.0.32510.428
MinimumVisualStudioVersion = 10.0.40219.1
Project("{8BC9CEB8-8B4A-11D0-8D11-00A0C91BC942}") = "ChessCpp", "ChessCpp\ChessCpp.vcxproj", "{BEA43650-AE32-4656-A350-05D1A95C26EE}"
EndProject
Global
	GlobalSection(SolutionConfigurationPlatforms) = preSolution
		Debug|x64 = Debug|x64
		Debug|x86 = Debug|x86
		Release|x64 = Release|x64
		Release|x86 = Release|x86
	EndGlobalSection
	GlobalSection(ProjectConfigurationPlatforms) = postSolution
		{BEA43650-AE32-4656-A350-05D1A95C26EE}.Debug|x64.ActiveCfg = Debug|x64
		{BEA43650-AE32-4656-A350-05D1A95C26EE}.Debug|x64.Build.0 = Debug|x64
		{BEA43650-AE32-4656-A350-05D1A95C26EE}.Debug|x86.ActiveCfg = Debug|Win32
		{BEA43650-AE32-4656-A350-05D1A95C26EE}.Debug|x86.Build.0 = Debug|Win32
		{BEA43650-AE32-4656-A350-05D1A95C26EE}.Release|x64.ActiveCfg = Release|x64
		{BEA43650-AE32-4656-A350-05D1A95C26EE}.Release|x64.Build.0 = Release|x64
		{BEA43650-AE32-4656-A350-05D1A95C26EE}.Release|x86.ActiveCfg = Release|Win32
		{BEA43650-AE32-4656-A350-05D1A95C26EE}.Release|x86.Build.0 = Release|Win32
	EndGlobalSection
	GlobalSection(SolutionProperties) = preSolution
		HideSolutionNode = FALSE
	EndGlobalSection
	GlobalSection(ExtensibilityGlobals) = postSolution
		SolutionGuid = {62424BBB-D1B0-45F9-BA5F-38C936CB23BC}
	EndGlobalSection
EndGlobal
